PODS:
  - IHKeyboardAvoiding (4.6)

DEPENDENCIES:
  - IHKeyboardAvoiding

SPEC REPOS:
  https://github.com/cocoapods/specs.git:
    - IHKeyboardAvoiding

SPEC CHECKSUMS:
  IHKeyboardAvoiding: 2a664fdb5f964359fa7ec8fc5c9aebb447583ff8

PODFILE CHECKSUM: bb90cac3b423668f98ab2772975125ca6d44bac6

COCOAPODS: 1.5.3
